
Microsoft Visual Studio Solution File, Format Version 12.00
# Visual Studio 15
VisualStudioVersion = 15.0.27703.2042
MinimumVisualStudioVersion = 10.0.40219.1
Project("{00D1A9C2-B5F0-4AF3-8072-F6C62B433612}") = "PurchaseTrackerDatabase", "PurchaseTrackerDatabase\PurchaseTrackerDatabase.sqlproj", "{9B6A3FC0-A92F-4AFE-AA7F-3FDB4BB3139A}"
EndProject
Project("{9A19103F-16F7-4668-BE54-9A1E7A4F7556}") = "PurchaseTrackerDataAccess", "PurchaseTrackerDataAccess\PurchaseTrackerDataAccess.csproj", "{7A540E24-EE85-4AB4-9E33-524C954420F6}"
EndProject
Project("{FAE04EC0-301F-11D3-BF4B-00C04F79EFBC}") = "PurchaseTrackerWeb", "PurchaseTrackerWeb\PurchaseTrackerWeb.csproj", "{6B47C5DE-098B-456C-8FAA-8F3B88027770}"
EndProject
Global
	GlobalSection(SolutionConfigurationPlatforms) = preSolution
		Debug|Any CPU = Debug|Any CPU
		Release|Any CPU = Release|Any CPU
	EndGlobalSection
	GlobalSection(ProjectConfigurationPlatforms) = postSolution
		{9B6A3FC0-A92F-4AFE-AA7F-3FDB4BB3139A}.Debug|Any CPU.ActiveCfg = Debug|Any CPU
		{9B6A3FC0-A92F-4AFE-AA7F-3FDB4BB3139A}.Debug|Any CPU.Build.0 = Debug|Any CPU
		{9B6A3FC0-A92F-4AFE-AA7F-3FDB4BB3139A}.Debug|Any CPU.Deploy.0 = Debug|Any CPU
		{9B6A3FC0-A92F-4AFE-AA7F-3FDB4BB3139A}.Release|Any CPU.ActiveCfg = Release|Any CPU
		{9B6A3FC0-A92F-4AFE-AA7F-3FDB4BB3139A}.Release|Any CPU.Build.0 = Release|Any CPU
		{9B6A3FC0-A92F-4AFE-AA7F-3FDB4BB3139A}.Release|Any CPU.Deploy.0 = Release|Any CPU
		{7A540E24-EE85-4AB4-9E33-524C954420F6}.Debug|Any CPU.ActiveCfg = Debug|Any CPU
		{7A540E24-EE85-4AB4-9E33-524C954420F6}.Debug|Any CPU.Build.0 = Debug|Any CPU
		{7A540E24-EE85-4AB4-9E33-524C954420F6}.Release|Any CPU.ActiveCfg = Release|Any CPU
		{7A540E24-EE85-4AB4-9E33-524C954420F6}.Release|Any CPU.Build.0 = Release|Any CPU
		{6B47C5DE-098B-456C-8FAA-8F3B88027770}.Debug|Any CPU.ActiveCfg = Debug|Any CPU
		{6B47C5DE-098B-456C-8FAA-8F3B88027770}.Debug|Any CPU.Build.0 = Debug|Any CPU
		{6B47C5DE-098B-456C-8FAA-8F3B88027770}.Release|Any CPU.ActiveCfg = Release|Any CPU
		{6B47C5DE-098B-456C-8FAA-8F3B88027770}.Release|Any CPU.Build.0 = Release|Any CPU
	EndGlobalSection
	GlobalSection(SolutionProperties) = preSolution
		HideSolutionNode = FALSE
	EndGlobalSection
	GlobalSection(ExtensibilityGlobals) = postSolution
		SolutionGuid = {9B5FA9EE-82A1-405B-9173-8DD52DD93604}
	EndGlobalSection
EndGlobal
